// !$*UTF8*$!
{
	archiveVersion = 1;
	classes = {
	};
	objectVersion = 46;
	objects = {

/* Begin PBXBuildFile section */
		4909788F192AE111004CA527 /* libCDOCredentialsManager.a in Frameworks */ = {isa = PBXBuildFile; fileRef = 49C046FB19186710008ED9BC /* libCDOCredentialsManager.a */; };
		49C046FF19186710008ED9BC /* Foundation.framework in Frameworks */ = {isa = PBXBuildFile; fileRef = 49C046FE19186710008ED9BC /* Foundation.framework */; };
		49C0470419186710008ED9BC /* CDOCredentialsManager.h in CopyFiles */ = {isa = PBXBuildFile; fileRef = 49C0470319186710008ED9BC /* CDOCredentialsManager.h */; };
		49C0470619186710008ED9BC /* CDOCredentialsManager.m in Sources */ = {isa = PBXBuildFile; fileRef = 49C0470519186710008ED9BC /* CDOCredentialsManager.m */; };
		49C0470D19186710008ED9BC /* XCTest.framework in Frameworks */ = {isa = PBXBuildFile; fileRef = 49C0470C19186710008ED9BC /* XCTest.framework */; };
		49C0470E19186710008ED9BC /* Foundation.framework in Frameworks */ = {isa = PBXBuildFile; fileRef = 49C046FE19186710008ED9BC /* Foundation.framework */; };
		49C0471019186710008ED9BC /* UIKit.framework in Frameworks */ = {isa = PBXBuildFile; fileRef = 49C0470F19186710008ED9BC /* UIKit.framework */; };
		49C0471319186710008ED9BC /* libCDOCredentialsManager.a in Frameworks */ = {isa = PBXBuildFile; fileRef = 49C046FB19186710008ED9BC /* libCDOCredentialsManager.a */; };
		49C0471919186710008ED9BC /* InfoPlist.strings in Resources */ = {isa = PBXBuildFile; fileRef = 49C0471719186710008ED9BC /* InfoPlist.strings */; };
		49C0471B19186710008ED9BC /* CDOCredentialsManagerTests.m in Sources */ = {isa = PBXBuildFile; fileRef = 49C0471A19186710008ED9BC /* CDOCredentialsManagerTests.m */; };
		49C0475C19186850008ED9BC /* Security.framework in Frameworks */ = {isa = PBXBuildFile; fileRef = 49C0475B19186850008ED9BC /* Security.framework */; };
		49C0476219187D64008ED9BC /* NSData+AES128Crypto.m in Sources */ = {isa = PBXBuildFile; fileRef = 49C0476119187D64008ED9BC /* NSData+AES128Crypto.m */; };
		49C04764191885B5008ED9BC /* test-crypto.json in Resources */ = {isa = PBXBuildFile; fileRef = 49C04763191885B5008ED9BC /* test-crypto.json */; };
		49C047671921AEF6008ED9BC /* NSString+AESCrypto.m in Sources */ = {isa = PBXBuildFile; fileRef = 49C047661921AEF6008ED9BC /* NSString+AESCrypto.m */; };
		49D73DA3192AD0590099295C /* Foundation.framework in Frameworks */ = {isa = PBXBuildFile; fileRef = 49C046FE19186710008ED9BC /* Foundation.framework */; };
		49D73DA4192AD0590099295C /* CoreGraphics.framework in Frameworks */ = {isa = PBXBuildFile; fileRef = 49C0472A19186767008ED9BC /* CoreGraphics.framework */; };
		49D73DA5192AD0590099295C /* UIKit.framework in Frameworks */ = {isa = PBXBuildFile; fileRef = 49C0470F19186710008ED9BC /* UIKit.framework */; };
		49D73DAB192AD0590099295C /* InfoPlist.strings in Resources */ = {isa = PBXBuildFile; fileRef = 49D73DA9192AD0590099295C /* InfoPlist.strings */; };
		49D73DAD192AD0590099295C /* main.m in Sources */ = {isa = PBXBuildFile; fileRef = 49D73DAC192AD0590099295C /* main.m */; };
		49D73DB1192AD0590099295C /* CDOAppDelegate.m in Sources */ = {isa = PBXBuildFile; fileRef = 49D73DB0192AD0590099295C /* CDOAppDelegate.m */; };
		49D73DB9192AD0590099295C /* Images.xcassets in Resources */ = {isa = PBXBuildFile; fileRef = 49D73DB8192AD0590099295C /* Images.xcassets */; };
		49D73DD5192AD0DD0099295C /* CDOMainViewController.m in Sources */ = {isa = PBXBuildFile; fileRef = 49D73DD3192AD0DD0099295C /* CDOMainViewController.m */; };
		49D73DD6192AD0DD0099295C /* CDOMainView.xib in Resources */ = {isa = PBXBuildFile; fileRef = 49D73DD4192AD0DD0099295C /* CDOMainView.xib */; };
		49D73DD9192ADACD0099295C /* test-crypto.json in Resources */ = {isa = PBXBuildFile; fileRef = 49C04763191885B5008ED9BC /* test-crypto.json */; };
		78FB7FB035C84932B9B7B885 /* libPods.a in Frameworks */ = {isa = PBXBuildFile; fileRef = 513D20E105B248249DD1DC6F /* libPods.a */; };
/* End PBXBuildFile section */

/* Begin PBXContainerItemProxy section */
		49C0471119186710008ED9BC /* PBXContainerItemProxy */ = {
			isa = PBXContainerItemProxy;
			containerPortal = 49C046F319186710008ED9BC /* Project object */;
			proxyType = 1;
			remoteGlobalIDString = 49C046FA19186710008ED9BC;
			remoteInfo = CDOCredentialsManager;
		};
		49D73DD7192ADA8C0099295C /* PBXContainerItemProxy */ = {
			isa = PBXContainerItemProxy;
			containerPortal = 49C046F319186710008ED9BC /* Project object */;
			proxyType = 1;
			remoteGlobalIDString = 49C046FA19186710008ED9BC;
			remoteInfo = CDOCredentialsManager;
		};
/* End PBXContainerItemProxy section */

/* Begin PBXCopyFilesBuildPhase section */
		49C046F919186710008ED9BC /* CopyFiles */ = {
			isa = PBXCopyFilesBuildPhase;
			buildActionMask = 2147483647;
			dstPath = "include/$(PRODUCT_NAME)";
			dstSubfolderSpec = 16;
			files = (
				49C0470419186710008ED9BC /* CDOCredentialsManager.h in CopyFiles */,
			);
			runOnlyForDeploymentPostprocessing = 0;
		};
/* End PBXCopyFilesBuildPhase section */

/* Begin PBXFileReference section */
		49C046FB19186710008ED9BC /* libCDOCredentialsManager.a */ = {isa = PBXFileReference; explicitFileType = archive.ar; includeInIndex = 0; path = libCDOCredentialsManager.a; sourceTree = BUILT_PRODUCTS_DIR; };
		49C046FE19186710008ED9BC /* Foundation.framework */ = {isa = PBXFileReference; lastKnownFileType = wrapper.framework; name = Foundation.framework; path = System/Library/Frameworks/Foundation.framework; sourceTree = SDKROOT; };
		49C0470219186710008ED9BC /* CDOCredentialsManager-Prefix.pch */ = {isa = PBXFileReference; lastKnownFileType = sourcecode.c.h; path = "CDOCredentialsManager-Prefix.pch"; sourceTree = "<group>"; };
		49C0470319186710008ED9BC /* CDOCredentialsManager.h */ = {isa = PBXFileReference; lastKnownFileType = sourcecode.c.h; path = CDOCredentialsManager.h; sourceTree = "<group>"; };
		49C0470519186710008ED9BC /* CDOCredentialsManager.m */ = {isa = PBXFileReference; lastKnownFileType = sourcecode.c.objc; path = CDOCredentialsManager.m; sourceTree = "<group>"; };
		49C0470B19186710008ED9BC /* CDOCredentialsManagerTests.xctest */ = {isa = PBXFileReference; explicitFileType = wrapper.cfbundle; includeInIndex = 0; path = CDOCredentialsManagerTests.xctest; sourceTree = BUILT_PRODUCTS_DIR; };
		49C0470C19186710008ED9BC /* XCTest.framework */ = {isa = PBXFileReference; lastKnownFileType = wrapper.framework; name = XCTest.framework; path = Library/Frameworks/XCTest.framework; sourceTree = DEVELOPER_DIR; };
		49C0470F19186710008ED9BC /* UIKit.framework */ = {isa = PBXFileReference; lastKnownFileType = wrapper.framework; name = UIKit.framework; path = Library/Frameworks/UIKit.framework; sourceTree = DEVELOPER_DIR; };
		49C0471619186710008ED9BC /* CDOCredentialsManagerTests-Info.plist */ = {isa = PBXFileReference; lastKnownFileType = text.plist.xml; path = "CDOCredentialsManagerTests-Info.plist"; sourceTree = "<group>"; };
		49C0471819186710008ED9BC /* en */ = {isa = PBXFileReference; lastKnownFileType = text.plist.strings; name = en; path = en.lproj/InfoPlist.strings; sourceTree = "<group>"; };
		49C0471A19186710008ED9BC /* CDOCredentialsManagerTests.m */ = {isa = PBXFileReference; lastKnownFileType = sourcecode.c.objc; path = CDOCredentialsManagerTests.m; sourceTree = "<group>"; };
		49C0472A19186767008ED9BC /* CoreGraphics.framework */ = {isa = PBXFileReference; lastKnownFileType = wrapper.framework; name = CoreGraphics.framework; path = System/Library/Frameworks/CoreGraphics.framework; sourceTree = SDKROOT; };
		49C0475B19186850008ED9BC /* Security.framework */ = {isa = PBXFileReference; lastKnownFileType = wrapper.framework; name = Security.framework; path = System/Library/Frameworks/Security.framework; sourceTree = SDKROOT; };
		49C0475D1918688B008ED9BC /* libcommonCrypto.dylib */ = {isa = PBXFileReference; lastKnownFileType = "compiled.mach-o.dylib"; name = libcommonCrypto.dylib; path = usr/lib/system/libcommonCrypto.dylib; sourceTree = SDKROOT; };
		49C0476019187D64008ED9BC /* NSData+AES128Crypto.h */ = {isa = PBXFileReference; fileEncoding = 4; lastKnownFileType = sourcecode.c.h; path = "NSData+AES128Crypto.h"; sourceTree = "<group>"; };
		49C0476119187D64008ED9BC /* NSData+AES128Crypto.m */ = {isa = PBXFileReference; fileEncoding = 4; lastKnownFileType = sourcecode.c.objc; path = "NSData+AES128Crypto.m"; sourceTree = "<group>"; };
		49C04763191885B5008ED9BC /* test-crypto.json */ = {isa = PBXFileReference; fileEncoding = 4; lastKnownFileType = text.json; path = "test-crypto.json"; sourceTree = "<group>"; };
		49C047651921AEF6008ED9BC /* NSString+AESCrypto.h */ = {isa = PBXFileReference; fileEncoding = 4; lastKnownFileType = sourcecode.c.h; path = "NSString+AESCrypto.h"; sourceTree = "<group>"; };
		49C047661921AEF6008ED9BC /* NSString+AESCrypto.m */ = {isa = PBXFileReference; fileEncoding = 4; lastKnownFileType = sourcecode.c.objc; path = "NSString+AESCrypto.m"; sourceTree = "<group>"; };
		49D73DA2192AD0590099295C /* CDOCredentialsManagerDemo.app */ = {isa = PBXFileReference; explicitFileType = wrapper.application; includeInIndex = 0; path = CDOCredentialsManagerDemo.app; sourceTree = BUILT_PRODUCTS_DIR; };
		49D73DA8192AD0590099295C /* CDOCredentialsManagerDemo-Info.plist */ = {isa = PBXFileReference; lastKnownFileType = text.plist.xml; path = "CDOCredentialsManagerDemo-Info.plist"; sourceTree = "<group>"; };
		49D73DAA192AD0590099295C /* en */ = {isa = PBXFileReference; lastKnownFileType = text.plist.strings; name = en; path = en.lproj/InfoPlist.strings; sourceTree = "<group>"; };
		49D73DAC192AD0590099295C /* main.m */ = {isa = PBXFileReference; lastKnownFileType = sourcecode.c.objc; path = main.m; sourceTree = "<group>"; };
		49D73DAE192AD0590099295C /* CDOCredentialsManagerDemo-Prefix.pch */ = {isa = PBXFileReference; lastKnownFileType = sourcecode.c.h; path = "CDOCredentialsManagerDemo-Prefix.pch"; sourceTree = "<group>"; };
		49D73DAF192AD0590099295C /* CDOAppDelegate.h */ = {isa = PBXFileReference; lastKnownFileType = sourcecode.c.h; path = CDOAppDelegate.h; sourceTree = "<group>"; };
		49D73DB0192AD0590099295C /* CDOAppDelegate.m */ = {isa = PBXFileReference; lastKnownFileType = sourcecode.c.objc; path = CDOAppDelegate.m; sourceTree = "<group>"; };
		49D73DB8192AD0590099295C /* Images.xcassets */ = {isa = PBXFileReference; lastKnownFileType = folder.assetcatalog; path = Images.xcassets; sourceTree = "<group>"; };
		49D73DD2192AD0DD0099295C /* CDOMainViewController.h */ = {isa = PBXFileReference; fileEncoding = 4; lastKnownFileType = sourcecode.c.h; path = CDOMainViewController.h; sourceTree = "<group>"; };
		49D73DD3192AD0DD0099295C /* CDOMainViewController.m */ = {isa = PBXFileReference; fileEncoding = 4; lastKnownFileType = sourcecode.c.objc; path = CDOMainViewController.m; sourceTree = "<group>"; };
		49D73DD4192AD0DD0099295C /* CDOMainView.xib */ = {isa = PBXFileReference; fileEncoding = 4; lastKnownFileType = file.xib; path = CDOMainView.xib; sourceTree = "<group>"; };
		513D20E105B248249DD1DC6F /* libPods.a */ = {isa = PBXFileReference; explicitFileType = archive.ar; includeInIndex = 0; path = libPods.a; sourceTree = BUILT_PRODUCTS_DIR; };
		88D5A269CB424C098811BFFF /* Pods.xcconfig */ = {isa = PBXFileReference; includeInIndex = 1; lastKnownFileType = text.xcconfig; name = Pods.xcconfig; path = Pods/Pods.xcconfig; sourceTree = "<group>"; };
/* End PBXFileReference section */

/* Begin PBXFrameworksBuildPhase section */
		49C046F819186710008ED9BC /* Frameworks */ = {
			isa = PBXFrameworksBuildPhase;
			buildActionMask = 2147483647;
			files = (
				49C0475C19186850008ED9BC /* Security.framework in Frameworks */,
				49C046FF19186710008ED9BC /* Foundation.framework in Frameworks */,
				78FB7FB035C84932B9B7B885 /* libPods.a in Frameworks */,
			);
			runOnlyForDeploymentPostprocessing = 0;
		};
		49C0470819186710008ED9BC /* Frameworks */ = {
			isa = PBXFrameworksBuildPhase;
			buildActionMask = 2147483647;
			files = (
				49C0470D19186710008ED9BC /* XCTest.framework in Frameworks */,
				49C0471019186710008ED9BC /* UIKit.framework in Frameworks */,
				49C0470E19186710008ED9BC /* Foundation.framework in Frameworks */,
				49C0471319186710008ED9BC /* libCDOCredentialsManager.a in Frameworks */,
			);
			runOnlyForDeploymentPostprocessing = 0;
		};
		49D73D9F192AD0590099295C /* Frameworks */ = {
			isa = PBXFrameworksBuildPhase;
			buildActionMask = 2147483647;
			files = (
				4909788F192AE111004CA527 /* libCDOCredentialsManager.a in Frameworks */,
				49D73DA4192AD0590099295C /* CoreGraphics.framework in Frameworks */,
				49D73DA5192AD0590099295C /* UIKit.framework in Frameworks */,
				49D73DA3192AD0590099295C /* Foundation.framework in Frameworks */,
			);
			runOnlyForDeploymentPostprocessing = 0;
		};
/* End PBXFrameworksBuildPhase section */

/* Begin PBXGroup section */
		49C046F219186710008ED9BC = {
			isa = PBXGroup;
			children = (
				49C0470019186710008ED9BC /* CDOCredentialsManager */,
				49C0471419186710008ED9BC /* CDOCredentialsManagerTests */,
				49D73DA6192AD0590099295C /* CDOCredentialsManagerDemo */,
				49C046FD19186710008ED9BC /* Frameworks */,
				49C046FC19186710008ED9BC /* Products */,
				88D5A269CB424C098811BFFF /* Pods.xcconfig */,
			);
			sourceTree = "<group>";
		};
		49C046FC19186710008ED9BC /* Products */ = {
			isa = PBXGroup;
			children = (
				49C046FB19186710008ED9BC /* libCDOCredentialsManager.a */,
				49C0470B19186710008ED9BC /* CDOCredentialsManagerTests.xctest */,
				49D73DA2192AD0590099295C /* CDOCredentialsManagerDemo.app */,
			);
			name = Products;
			sourceTree = "<group>";
		};
		49C046FD19186710008ED9BC /* Frameworks */ = {
			isa = PBXGroup;
			children = (
				49C0475D1918688B008ED9BC /* libcommonCrypto.dylib */,
				49C0475B19186850008ED9BC /* Security.framework */,
				49C046FE19186710008ED9BC /* Foundation.framework */,
				49C0470C19186710008ED9BC /* XCTest.framework */,
				49C0470F19186710008ED9BC /* UIKit.framework */,
				49C0472A19186767008ED9BC /* CoreGraphics.framework */,
				513D20E105B248249DD1DC6F /* libPods.a */,
			);
			name = Frameworks;
			sourceTree = "<group>";
		};
		49C0470019186710008ED9BC /* CDOCredentialsManager */ = {
			isa = PBXGroup;
			children = (
				49C0475F19187CD6008ED9BC /* Categories */,
				49C0470319186710008ED9BC /* CDOCredentialsManager.h */,
				49C0470519186710008ED9BC /* CDOCredentialsManager.m */,
				49C0470119186710008ED9BC /* Supporting Files */,
			);
			path = CDOCredentialsManager;
			sourceTree = "<group>";
		};
		49C0470119186710008ED9BC /* Supporting Files */ = {
			isa = PBXGroup;
			children = (
				49C0470219186710008ED9BC /* CDOCredentialsManager-Prefix.pch */,
			);
			name = "Supporting Files";
			sourceTree = "<group>";
		};
		49C0471419186710008ED9BC /* CDOCredentialsManagerTests */ = {
			isa = PBXGroup;
			children = (
				49C04763191885B5008ED9BC /* test-crypto.json */,
				49C0471A19186710008ED9BC /* CDOCredentialsManagerTests.m */,
				49C0471519186710008ED9BC /* Supporting Files */,
			);
			path = CDOCredentialsManagerTests;
			sourceTree = "<group>";
		};
		49C0471519186710008ED9BC /* Supporting Files */ = {
			isa = PBXGroup;
			children = (
				49C0471619186710008ED9BC /* CDOCredentialsManagerTests-Info.plist */,
				49C0471719186710008ED9BC /* InfoPlist.strings */,
			);
			name = "Supporting Files";
			sourceTree = "<group>";
		};
		49C0475F19187CD6008ED9BC /* Categories */ = {
			isa = PBXGroup;
			children = (
				49C0476019187D64008ED9BC /* NSData+AES128Crypto.h */,
				49C0476119187D64008ED9BC /* NSData+AES128Crypto.m */,
				49C047651921AEF6008ED9BC /* NSString+AESCrypto.h */,
				49C047661921AEF6008ED9BC /* NSString+AESCrypto.m */,
			);
			name = Categories;
			sourceTree = "<group>";
		};
		49D73DA6192AD0590099295C /* CDOCredentialsManagerDemo */ = {
			isa = PBXGroup;
			children = (
				49D73DAF192AD0590099295C /* CDOAppDelegate.h */,
				49D73DB0192AD0590099295C /* CDOAppDelegate.m */,
				49D73DB8192AD0590099295C /* Images.xcassets */,
				49D73DA7192AD0590099295C /* Supporting Files */,
				49D73DD2192AD0DD0099295C /* CDOMainViewController.h */,
				49D73DD3192AD0DD0099295C /* CDOMainViewController.m */,
				49D73DD4192AD0DD0099295C /* CDOMainView.xib */,
			);
			path = CDOCredentialsManagerDemo;
			sourceTree = "<group>";
		};
		49D73DA7192AD0590099295C /* Supporting Files */ = {
			isa = PBXGroup;
			children = (
				49D73DA8192AD0590099295C /* CDOCredentialsManagerDemo-Info.plist */,
				49D73DA9192AD0590099295C /* InfoPlist.strings */,
				49D73DAC192AD0590099295C /* main.m */,
				49D73DAE192AD0590099295C /* CDOCredentialsManagerDemo-Prefix.pch */,
			);
			name = "Supporting Files";
			sourceTree = "<group>";
		};
/* End PBXGroup section */

/* Begin PBXNativeTarget section */
		49C046FA19186710008ED9BC /* CDOCredentialsManager */ = {
			isa = PBXNativeTarget;
			buildConfigurationList = 49C0471E19186710008ED9BC /* Build configuration list for PBXNativeTarget "CDOCredentialsManager" */;
			buildPhases = (
				7A42C016928A4B828E64F927 /* Check Pods Manifest.lock */,
				49C046F719186710008ED9BC /* Sources */,
				49C046F819186710008ED9BC /* Frameworks */,
				49C046F919186710008ED9BC /* CopyFiles */,
				A0F4124521304C89B67D64D9 /* Copy Pods Resources */,
			);
			buildRules = (
			);
			dependencies = (
			);
			name = CDOCredentialsManager;
			productName = CDOCredentialsManager;
			productReference = 49C046FB19186710008ED9BC /* libCDOCredentialsManager.a */;
			productType = "com.apple.product-type.library.static";
		};
		49C0470A19186710008ED9BC /* CDOCredentialsManagerTests */ = {
			isa = PBXNativeTarget;
			buildConfigurationList = 49C0472119186710008ED9BC /* Build configuration list for PBXNativeTarget "CDOCredentialsManagerTests" */;
			buildPhases = (
				49C0470719186710008ED9BC /* Sources */,
				49C0470819186710008ED9BC /* Frameworks */,
				49C0470919186710008ED9BC /* Resources */,
			);
			buildRules = (
			);
			dependencies = (
				49C0471219186710008ED9BC /* PBXTargetDependency */,
			);
			name = CDOCredentialsManagerTests;
			productName = CDOCredentialsManagerTests;
			productReference = 49C0470B19186710008ED9BC /* CDOCredentialsManagerTests.xctest */;
			productType = "com.apple.product-type.bundle.unit-test";
		};
		49D73DA1192AD0590099295C /* CDOCredentialsManagerDemo */ = {
			isa = PBXNativeTarget;
			buildConfigurationList = 49D73DCC192AD05A0099295C /* Build configuration list for PBXNativeTarget "CDOCredentialsManagerDemo" */;
			buildPhases = (
				49D73D9E192AD0590099295C /* Sources */,
				49D73D9F192AD0590099295C /* Frameworks */,
				49D73DA0192AD0590099295C /* Resources */,
			);
			buildRules = (
			);
			dependencies = (
				49D73DD8192ADA8C0099295C /* PBXTargetDependency */,
			);
			name = CDOCredentialsManagerDemo;
			productName = CDOCredentialsManagerDemo;
			productReference = 49D73DA2192AD0590099295C /* CDOCredentialsManagerDemo.app */;
			productType = "com.apple.product-type.application";
		};
/* End PBXNativeTarget section */

/* Begin PBXProject section */
		49C046F319186710008ED9BC /* Project object */ = {
			isa = PBXProject;
			attributes = {
				LastUpgradeCheck = 0510;
				ORGANIZATIONNAME = Clamdango;
				TargetAttributes = {
					49C0470A19186710008ED9BC = {
						TestTargetID = 49D73DA1192AD0590099295C;
					};
					49D73DA1192AD0590099295C = {
						DevelopmentTeam = FA5W6TJ34U;
					};
				};
			};
			buildConfigurationList = 49C046F619186710008ED9BC /* Build configuration list for PBXProject "CDOCredentialsManager" */;
			compatibilityVersion = "Xcode 3.2";
			developmentRegion = English;
			hasScannedForEncodings = 0;
			knownRegions = (
				en,
				Base,
			);
			mainGroup = 49C046F219186710008ED9BC;
			productRefGroup = 49C046FC19186710008ED9BC /* Products */;
			projectDirPath = "";
			projectRoot = "";
			targets = (
				49C046FA19186710008ED9BC /* CDOCredentialsManager */,
				49C0470A19186710008ED9BC /* CDOCredentialsManagerTests */,
				49D73DA1192AD0590099295C /* CDOCredentialsManagerDemo */,
			);
		};
/* End PBXProject section */

/* Begin PBXResourcesBuildPhase section */
		49C0470919186710008ED9BC /* Resources */ = {
			isa = PBXResourcesBuildPhase;
			buildActionMask = 2147483647;
			files = (
				49C0471919186710008ED9BC /* InfoPlist.strings in Resources */,
				49C04764191885B5008ED9BC /* test-crypto.json in Resources */,
			);
			runOnlyForDeploymentPostprocessing = 0;
		};
		49D73DA0192AD0590099295C /* Resources */ = {
			isa = PBXResourcesBuildPhase;
			buildActionMask = 2147483647;
			files = (
				49D73DB9192AD0590099295C /* Images.xcassets in Resources */,
				49D73DD6192AD0DD0099295C /* CDOMainView.xib in Resources */,
				49D73DD9192ADACD0099295C /* test-crypto.json in Resources */,
				49D73DAB192AD0590099295C /* InfoPlist.strings in Resources */,
			);
			runOnlyForDeploymentPostprocessing = 0;
		};
/* End PBXResourcesBuildPhase section */

/* Begin PBXShellScriptBuildPhase section */
		7A42C016928A4B828E64F927 /* Check Pods Manifest.lock */ = {
			isa = PBXShellScriptBuildPhase;
			buildActionMask = 2147483647;
			files = (
			);
			inputPaths = (
			);
			name = "Check Pods Manifest.lock";
			outputPaths = (
			);
			runOnlyForDeploymentPostprocessing = 0;
			shellPath = /bin/sh;
			shellScript = "diff \"${PODS_ROOT}/../Podfile.lock\" \"${PODS_ROOT}/Manifest.lock\" > /dev/null\nif [[ $? != 0 ]] ; then\n    cat << EOM\nerror: The sandbox is not in sync with the Podfile.lock. Run 'pod install' or update your CocoaPods installation.\nEOM\n    exit 1\nfi\n";
			showEnvVarsInLog = 0;
		};
		A0F4124521304C89B67D64D9 /* Copy Pods Resources */ = {
			isa = PBXShellScriptBuildPhase;
			buildActionMask = 2147483647;
			files = (
			);
			inputPaths = (
			);
			name = "Copy Pods Resources";
			outputPaths = (
			);
			runOnlyForDeploymentPostprocessing = 0;
			shellPath = /bin/sh;
			shellScript = "\"${SRCROOT}/Pods/Pods-resources.sh\"\n";
			showEnvVarsInLog = 0;
		};
/* End PBXShellScriptBuildPhase section */

/* Begin PBXSourcesBuildPhase section */
		49C046F719186710008ED9BC /* Sources */ = {
			isa = PBXSourcesBuildPhase;
			buildActionMask = 2147483647;
			files = (
				49C0470619186710008ED9BC /* CDOCredentialsManager.m in Sources */,
				49C0476219187D64008ED9BC /* NSData+AES128Crypto.m in Sources */,
				49C047671921AEF6008ED9BC /* NSString+AESCrypto.m in Sources */,
			);
			runOnlyForDeploymentPostprocessing = 0;
		};
		49C0470719186710008ED9BC /* Sources */ = {
			isa = PBXSourcesBuildPhase;
			buildActionMask = 2147483647;
			files = (
				49C0471B19186710008ED9BC /* CDOCredentialsManagerTests.m in Sources */,
			);
			runOnlyForDeploymentPostprocessing = 0;
		};
		49D73D9E192AD0590099295C /* Sources */ = {
			isa = PBXSourcesBuildPhase;
			buildActionMask = 2147483647;
			files = (
				49D73DD5192AD0DD0099295C /* CDOMainViewController.m in Sources */,
				49D73DAD192AD0590099295C /* main.m in Sources */,
				49D73DB1192AD0590099295C /* CDOAppDelegate.m in Sources */,
			);
			runOnlyForDeploymentPostprocessing = 0;
		};
/* End PBXSourcesBuildPhase section */

/* Begin PBXTargetDependency section */
		49C0471219186710008ED9BC /* PBXTargetDependency */ = {
			isa = PBXTargetDependency;
			target = 49C046FA19186710008ED9BC /* CDOCredentialsManager */;
			targetProxy = 49C0471119186710008ED9BC /* PBXContainerItemProxy */;
		};
		49D73DD8192ADA8C0099295C /* PBXTargetDependency */ = {
			isa = PBXTargetDependency;
			target = 49C046FA19186710008ED9BC /* CDOCredentialsManager */;
			targetProxy = 49D73DD7192ADA8C0099295C /* PBXContainerItemProxy */;
		};
/* End PBXTargetDependency section */

/* Begin PBXVariantGroup section */
		49C0471719186710008ED9BC /* InfoPlist.strings */ = {
			isa = PBXVariantGroup;
			children = (
				49C0471819186710008ED9BC /* en */,
			);
			name = InfoPlist.strings;
			sourceTree = "<group>";
		};
		49D73DA9192AD0590099295C /* InfoPlist.strings */ = {
			isa = PBXVariantGroup;
			children = (
				49D73DAA192AD0590099295C /* en */,
			);
			name = InfoPlist.strings;
			sourceTree = "<group>";
		};
/* End PBXVariantGroup section */

/* Begin XCBuildConfiguration section */
		49C0471C19186710008ED9BC /* Debug */ = {
			isa = XCBuildConfiguration;
			buildSettings = {
				ALWAYS_SEARCH_USER_PATHS = NO;
				CLANG_CXX_LANGUAGE_STANDARD = "gnu++0x";
				CLANG_CXX_LIBRARY = "libc++";
				CLANG_ENABLE_MODULES = YES;
				CLANG_ENABLE_OBJC_ARC = YES;
				CLANG_WARN_BOOL_CONVERSION = YES;
				CLANG_WARN_CONSTANT_CONVERSION = YES;
				CLANG_WARN_DIRECT_OBJC_ISA_USAGE = YES_ERROR;
				CLANG_WARN_EMPTY_BODY = YES;
				CLANG_WARN_ENUM_CONVERSION = YES;
				CLANG_WARN_INT_CONVERSION = YES;
				CLANG_WARN_OBJC_ROOT_CLASS = YES_ERROR;
				CLANG_WARN__DUPLICATE_METHOD_MATCH = YES;
				COPY_PHASE_STRIP = NO;
				GCC_C_LANGUAGE_STANDARD = gnu99;
				GCC_DYNAMIC_NO_PIC = NO;
				GCC_OPTIMIZATION_LEVEL = 0;
				GCC_PREPROCESSOR_DEFINITIONS = (
					"DEBUG=1",
					"$(inherited)",
				);
				GCC_SYMBOLS_PRIVATE_EXTERN = NO;
				GCC_WARN_64_TO_32_BIT_CONVERSION = YES;
				GCC_WARN_ABOUT_RETURN_TYPE = YES_ERROR;
				GCC_WARN_UNDECLARED_SELECTOR = YES;
				GCC_WARN_UNINITIALIZED_AUTOS = YES_AGGRESSIVE;
				GCC_WARN_UNUSED_FUNCTION = YES;
				GCC_WARN_UNUSED_VARIABLE = YES;
				IPHONEOS_DEPLOYMENT_TARGET = 7.1;
				ONLY_ACTIVE_ARCH = YES;
				SDKROOT = iphoneos;
			};
			name = Debug;
		};
		49C0471D19186710008ED9BC /* Release */ = {
			isa = XCBuildConfiguration;
			buildSettings = {
				ALWAYS_SEARCH_USER_PATHS = NO;
				CLANG_CXX_LANGUAGE_STANDARD = "gnu++0x";
				CLANG_CXX_LIBRARY = "libc++";
				CLANG_ENABLE_MODULES = YES;
				CLANG_ENABLE_OBJC_ARC = YES;
				CLANG_WARN_BOOL_CONVERSION = YES;
				CLANG_WARN_CONSTANT_CONVERSION = YES;
				CLANG_WARN_DIRECT_OBJC_ISA_USAGE = YES_ERROR;
				CLANG_WARN_EMPTY_BODY = YES;
				CLANG_WARN_ENUM_CONVERSION = YES;
				CLANG_WARN_INT_CONVERSION = YES;
				CLANG_WARN_OBJC_ROOT_CLASS = YES_ERROR;
				CLANG_WARN__DUPLICATE_METHOD_MATCH = YES;
				COPY_PHASE_STRIP = YES;
				ENABLE_NS_ASSERTIONS = NO;
				GCC_C_LANGUAGE_STANDARD = gnu99;
				GCC_WARN_64_TO_32_BIT_CONVERSION = YES;
				GCC_WARN_ABOUT_RETURN_TYPE = YES_ERROR;
				GCC_WARN_UNDECLARED_SELECTOR = YES;
				GCC_WARN_UNINITIALIZED_AUTOS = YES_AGGRESSIVE;
				GCC_WARN_UNUSED_FUNCTION = YES;
				GCC_WARN_UNUSED_VARIABLE = YES;
				IPHONEOS_DEPLOYMENT_TARGET = 7.1;
				SDKROOT = iphoneos;
				VALIDATE_PRODUCT = YES;
			};
			name = Release;
		};
		49C0471F19186710008ED9BC /* Debug */ = {
			isa = XCBuildConfiguration;
			baseConfigurationReference = 88D5A269CB424C098811BFFF /* Pods.xcconfig */;
			buildSettings = {
				DSTROOT = /tmp/CDOCredentialsManager.dst;
				GCC_PRECOMPILE_PREFIX_HEADER = YES;
				GCC_PREFIX_HEADER = "CDOCredentialsManager/CDOCredentialsManager-Prefix.pch";
				LIBRARY_SEARCH_PATHS = (
					"$(inherited)",
					"$(SDKROOT)/usr/lib/system",
				);
				OTHER_LDFLAGS = (
					"$(inherited)",
					"-all_load",
				);
				PRODUCT_NAME = "$(TARGET_NAME)";
				SKIP_INSTALL = YES;
			};
			name = Debug;
		};
		49C0472019186710008ED9BC /* Release */ = {
			isa = XCBuildConfiguration;
			baseConfigurationReference = 88D5A269CB424C098811BFFF /* Pods.xcconfig */;
			buildSettings = {
				DSTROOT = /tmp/CDOCredentialsManager.dst;
				GCC_PRECOMPILE_PREFIX_HEADER = YES;
				GCC_PREFIX_HEADER = "CDOCredentialsManager/CDOCredentialsManager-Prefix.pch";
				LIBRARY_SEARCH_PATHS = (
					"$(inherited)",
					"$(SDKROOT)/usr/lib/system",
				);
				OTHER_LDFLAGS = (
					"$(inherited)",
					"-all_load",
				);
				PRODUCT_NAME = "$(TARGET_NAME)";
				SKIP_INSTALL = YES;
			};
			name = Release;
		};
		49C0472219186710008ED9BC /* Debug */ = {
			isa = XCBuildConfiguration;
			buildSettings = {
				BUNDLE_LOADER = "$(BUILT_PRODUCTS_DIR)/CDOCredentialsManagerDemo.app/CDOCredentialsManagerDemo";
				FRAMEWORK_SEARCH_PATHS = (
					"$(SDKROOT)/Developer/Library/Frameworks",
					"$(inherited)",
					"$(DEVELOPER_FRAMEWORKS_DIR)",
				);
				GCC_PRECOMPILE_PREFIX_HEADER = YES;
				GCC_PREFIX_HEADER = "CDOCredentialsManager/CDOCredentialsManager-Prefix.pch";
				GCC_PREPROCESSOR_DEFINITIONS = (
					"DEBUG=1",
					"$(inherited)",
				);
				INFOPLIST_FILE = "CDOCredentialsManagerTests/CDOCredentialsManagerTests-Info.plist";
				OTHER_LDFLAGS = (
					"$(inherited)",
					"-framework",
					XCTest,
					"-all_load",
				);
				PRODUCT_NAME = "$(TARGET_NAME)";
				TEST_HOST = "$(BUNDLE_LOADER)";
				WRAPPER_EXTENSION = xctest;
			};
			name = Debug;
		};
		49C0472319186710008ED9BC /* Release */ = {
			isa = XCBuildConfiguration;
			buildSettings = {
				BUNDLE_LOADER = "$(BUILT_PRODUCTS_DIR)/CDOCredentialsManagerDemo.app/CDOCredentialsManagerDemo";
				FRAMEWORK_SEARCH_PATHS = (
					"$(SDKROOT)/Developer/Library/Frameworks",
					"$(inherited)",
					"$(DEVELOPER_FRAMEWORKS_DIR)",
				);
				GCC_PRECOMPILE_PREFIX_HEADER = YES;
				GCC_PREFIX_HEADER = "CDOCredentialsManager/CDOCredentialsManager-Prefix.pch";
				INFOPLIST_FILE = "CDOCredentialsManagerTests/CDOCredentialsManagerTests-Info.plist";
				OTHER_LDFLAGS = (
					"$(inherited)",
					"-framework",
					XCTest,
					"-all_load",
				);
				PRODUCT_NAME = "$(TARGET_NAME)";
				TEST_HOST = "$(BUNDLE_LOADER)";
				WRAPPER_EXTENSION = xctest;
			};
			name = Release;
		};
		49D73DCD192AD05A0099295C /* Debug */ = {
			isa = XCBuildConfiguration;
			buildSettings = {
				ASSETCATALOG_COMPILER_APPICON_NAME = AppIcon;
				ASSETCATALOG_COMPILER_LAUNCHIMAGE_NAME = LaunchImage;
				CODE_SIGN_IDENTITY = "iPhone Developer";
				"CODE_SIGN_IDENTITY[sdk=iphoneos*]" = "iPhone Developer";
				FRAMEWORK_SEARCH_PATHS = (
					"$(inherited)",
					"$(DEVELOPER_FRAMEWORKS_DIR)",
				);
				GCC_PRECOMPILE_PREFIX_HEADER = YES;
				GCC_PREFIX_HEADER = "CDOCredentialsManagerDemo/CDOCredentialsManagerDemo-Prefix.pch";
				GCC_PREPROCESSOR_DEFINITIONS = (
					"DEBUG=1",
					"$(inherited)",
				);
				INFOPLIST_FILE = "CDOCredentialsManagerDemo/CDOCredentialsManagerDemo-Info.plist";
				OTHER_LDFLAGS = (
					"-all_load",
					"-ObjC",
				);
				PRODUCT_NAME = "$(TARGET_NAME)";
				WRAPPER_EXTENSION = app;
			};
			name = Debug;
		};
		49D73DCE192AD05A0099295C /* Release */ = {
			isa = XCBuildConfiguration;
			buildSettings = {
				ASSETCATALOG_COMPILER_APPICON_NAME = AppIcon;
				ASSETCATALOG_COMPILER_LAUNCHIMAGE_NAME = LaunchImage;
				CODE_SIGN_IDENTITY = "iPhone Developer";
				"CODE_SIGN_IDENTITY[sdk=iphoneos*]" = "iPhone Developer";
				FRAMEWORK_SEARCH_PATHS = (
					"$(inherited)",
					"$(DEVELOPER_FRAMEWORKS_DIR)",
				);
				GCC_PRECOMPILE_PREFIX_HEADER = YES;
				GCC_PREFIX_HEADER = "CDOCredentialsManagerDemo/CDOCredentialsManagerDemo-Prefix.pch";
				INFOPLIST_FILE = "CDOCredentialsManagerDemo/CDOCredentialsManagerDemo-Info.plist";
				OTHER_LDFLAGS = (
					"-all_load",
					"-ObjC",
				);
				PRODUCT_NAME = "$(TARGET_NAME)";
				WRAPPER_EXTENSION = app;
			};
			name = Release;
		};
/* End XCBuildConfiguration section */

/* Begin XCConfigurationList section */
		49C046F619186710008ED9BC /* Build configuration list for PBXProject "CDOCredentialsManager" */ = {
			isa = XCConfigurationList;
			buildConfigurations = (
				49C0471C19186710008ED9BC /* Debug */,
				49C0471D19186710008ED9BC /* Release */,
			);
			defaultConfigurationIsVisible = 0;
			defaultConfigurationName = Release;
		};
		49C0471E19186710008ED9BC /* Build configuration list for PBXNativeTarget "CDOCredentialsManager" */ = {
			isa = XCConfigurationList;
			buildConfigurations = (
				49C0471F19186710008ED9BC /* Debug */,
				49C0472019186710008ED9BC /* Release */,
			);
			defaultConfigurationIsVisible = 0;
			defaultConfigurationName = Release;
		};
		49C0472119186710008ED9BC /* Build configuration list for PBXNativeTarget "CDOCredentialsManagerTests" */ = {
			isa = XCConfigurationList;
			buildConfigurations = (
				49C0472219186710008ED9BC /* Debug */,
				49C0472319186710008ED9BC /* Release */,
			);
			defaultConfigurationIsVisible = 0;
			defaultConfigurationName = Release;
		};
		49D73DCC192AD05A0099295C /* Build configuration list for PBXNativeTarget "CDOCredentialsManagerDemo" */ = {
			isa = XCConfigurationList;
			buildConfigurations = (
				49D73DCD192AD05A0099295C /* Debug */,
				49D73DCE192AD05A0099295C /* Release */,
			);
			defaultConfigurationIsVisible = 0;
			defaultConfigurationName = Release;
		};
/* End XCConfigurationList section */
	};
	rootObject = 49C046F319186710008ED9BC /* Project object */;
}
